
Microsoft Visual Studio Solution File, Format Version 12.00
# Visual Studio Version 16
VisualStudioVersion = 16.0.29102.190
MinimumVisualStudioVersion = 10.0.40219.1
Project("{FAE04EC0-301F-11D3-BF4B-00C04F79EFBC}") = "BiblioRead", "BiblioRead\BiblioRead.csproj", "{7642A09F-E2B2-4E96-AFDD-24F9732F5462}"
EndProject
Global
	GlobalSection(SolutionConfigurationPlatforms) = preSolution
		Debug|Any CPU = Debug|Any CPU
		Release|Any CPU = Release|Any CPU
	EndGlobalSection
	GlobalSection(ProjectConfigurationPlatforms) = postSolution
		{7642A09F-E2B2-4E96-AFDD-24F9732F5462}.Debug|Any CPU.ActiveCfg = Debug|Any CPU
		{7642A09F-E2B2-4E96-AFDD-24F9732F5462}.Debug|Any CPU.Build.0 = Debug|Any CPU
		{7642A09F-E2B2-4E96-AFDD-24F9732F5462}.Release|Any CPU.ActiveCfg = Release|Any CPU
		{7642A09F-E2B2-4E96-AFDD-24F9732F5462}.Release|Any CPU.Build.0 = Release|Any CPU
	EndGlobalSection
	GlobalSection(SolutionProperties) = preSolution
		HideSolutionNode = FALSE
	EndGlobalSection
	GlobalSection(ExtensibilityGlobals) = postSolution
		SolutionGuid = {54107582-2777-489B-AAA0-B2DFBE10CA2A}
	EndGlobalSection
EndGlobal
